
Microsoft Visual Studio Solution File, Format Version 12.00
# Visual Studio Version 17
VisualStudioVersion = 17.0.31903.59
MinimumVisualStudioVersion = 10.0.40219.1
Project("{FAE04EC0-301F-11D3-BF4B-00C04F79EFBC}") = "GroceriesApi", "GroceriesApi\GroceriesApi.csproj", "{2F82BBD3-274D-4498-BC99-01625B4A3B0E}"
EndProject
Project("{FAE04EC0-301F-11D3-BF4B-00C04F79EFBC}") = "GroceriesApi.Common", "GroceriesApi.Common\GroceriesApi.Common.csproj", "{DAD1787B-1E49-4540-B17C-B860A8A437B4}"
EndProject
Project("{FAE04EC0-301F-11D3-BF4B-00C04F79EFBC}") = "GroceriesApi.Core", "GroceriesApi.Core\GroceriesApi.Core.csproj", "{76A66FD5-239C-4B07-9579-3A59DD8126E9}"
EndProject
Global
	GlobalSection(SolutionConfigurationPlatforms) = preSolution
		Debug|Any CPU = Debug|Any CPU
		Release|Any CPU = Release|Any CPU
	EndGlobalSection
	GlobalSection(ProjectConfigurationPlatforms) = postSolution
		{2F82BBD3-274D-4498-BC99-01625B4A3B0E}.Debug|Any CPU.ActiveCfg = Debug|Any CPU
		{2F82BBD3-274D-4498-BC99-01625B4A3B0E}.Debug|Any CPU.Build.0 = Debug|Any CPU
		{2F82BBD3-274D-4498-BC99-01625B4A3B0E}.Release|Any CPU.ActiveCfg = Release|Any CPU
		{2F82BBD3-274D-4498-BC99-01625B4A3B0E}.Release|Any CPU.Build.0 = Release|Any CPU
		{DAD1787B-1E49-4540-B17C-B860A8A437B4}.Debug|Any CPU.ActiveCfg = Debug|Any CPU
		{DAD1787B-1E49-4540-B17C-B860A8A437B4}.Debug|Any CPU.Build.0 = Debug|Any CPU
		{DAD1787B-1E49-4540-B17C-B860A8A437B4}.Release|Any CPU.ActiveCfg = Release|Any CPU
		{DAD1787B-1E49-4540-B17C-B860A8A437B4}.Release|Any CPU.Build.0 = Release|Any CPU
		{76A66FD5-239C-4B07-9579-3A59DD8126E9}.Debug|Any CPU.ActiveCfg = Debug|Any CPU
		{76A66FD5-239C-4B07-9579-3A59DD8126E9}.Debug|Any CPU.Build.0 = Debug|Any CPU
		{76A66FD5-239C-4B07-9579-3A59DD8126E9}.Release|Any CPU.ActiveCfg = Release|Any CPU
		{76A66FD5-239C-4B07-9579-3A59DD8126E9}.Release|Any CPU.Build.0 = Release|Any CPU
	EndGlobalSection
	GlobalSection(SolutionProperties) = preSolution
		HideSolutionNode = FALSE
	EndGlobalSection
EndGlobal
